
Microsoft Visual Studio Solution File, Format Version 12.00
# Visual Studio Version 17
VisualStudioVersion = 17.10.35013.160
MinimumVisualStudioVersion = 10.0.40219.1
Project("{FAE04EC0-301F-11D3-BF4B-00C04F79EFBC}") = "task3", "task3\task3.csproj", "{C6E65ED0-D29E-48EF-9D61-C0A47EFEEBA3}"
EndProject
Global
	GlobalSection(SolutionConfigurationPlatforms) = preSolution
		Debug|Any CPU = Debug|Any CPU
		Release|Any CPU = Release|Any CPU
	EndGlobalSection
	GlobalSection(ProjectConfigurationPlatforms) = postSolution
		{C6E65ED0-D29E-48EF-9D61-C0A47EFEEBA3}.Debug|Any CPU.ActiveCfg = Debug|Any CPU
		{C6E65ED0-D29E-48EF-9D61-C0A47EFEEBA3}.Debug|Any CPU.Build.0 = Debug|Any CPU
		{C6E65ED0-D29E-48EF-9D61-C0A47EFEEBA3}.Release|Any CPU.ActiveCfg = Release|Any CPU
		{C6E65ED0-D29E-48EF-9D61-C0A47EFEEBA3}.Release|Any CPU.Build.0 = Release|Any CPU
	EndGlobalSection
	GlobalSection(SolutionProperties) = preSolution
		HideSolutionNode = FALSE
	EndGlobalSection
	GlobalSection(ExtensibilityGlobals) = postSolution
		SolutionGuid = {6DFDA191-4356-49A1-B65C-FE5F97941300}
	EndGlobalSection
EndGlobal
